
Microsoft Visual Studio Solution File, Format Version 12.00
# Visual Studio Version 16
VisualStudioVersion = 16.0.33529.622
MinimumVisualStudioVersion = 10.0.40219.1
Project("{9A19103F-16F7-4668-BE54-9A1E7A4F7556}") = "EmployeeManagement", "EmployeeManagement\EmployeeManagement.csproj", "{0BF61F88-F47A-4D7C-B5FD-972EECEB6797}"
EndProject
Global
	GlobalSection(SolutionConfigurationPlatforms) = preSolution
		Debug|Any CPU = Debug|Any CPU
		Release|Any CPU = Release|Any CPU
	EndGlobalSection
	GlobalSection(ProjectConfigurationPlatforms) = postSolution
		{0BF61F88-F47A-4D7C-B5FD-972EECEB6797}.Debug|Any CPU.ActiveCfg = Debug|Any CPU
		{0BF61F88-F47A-4D7C-B5FD-972EECEB6797}.Debug|Any CPU.Build.0 = Debug|Any CPU
		{0BF61F88-F47A-4D7C-B5FD-972EECEB6797}.Release|Any CPU.ActiveCfg = Release|Any CPU
		{0BF61F88-F47A-4D7C-B5FD-972EECEB6797}.Release|Any CPU.Build.0 = Release|Any CPU
	EndGlobalSection
	GlobalSection(SolutionProperties) = preSolution
		HideSolutionNode = FALSE
	EndGlobalSection
	GlobalSection(ExtensibilityGlobals) = postSolution
		SolutionGuid = {79D070A1-0B61-4EAC-9356-01A972D94100}
	EndGlobalSection
EndGlobal
